
Microsoft Visual Studio Solution File, Format Version 12.00
# Visual Studio Version 17
VisualStudioVersion = 17.5.002.0
MinimumVisualStudioVersion = 10.0.40219.1
Project("{9A19103F-16F7-4668-BE54-9A1E7A4F7556}") = "С", "С.csproj", "{CE61098B-C88E-4C82-B576-FF0044AFEDF9}"
EndProject
Global
	GlobalSection(SolutionConfigurationPlatforms) = preSolution
		Debug|Any CPU = Debug|Any CPU
		Release|Any CPU = Release|Any CPU
	EndGlobalSection
	GlobalSection(ProjectConfigurationPlatforms) = postSolution
		{CE61098B-C88E-4C82-B576-FF0044AFEDF9}.Debug|Any CPU.ActiveCfg = Debug|Any CPU
		{CE61098B-C88E-4C82-B576-FF0044AFEDF9}.Debug|Any CPU.Build.0 = Debug|Any CPU
		{CE61098B-C88E-4C82-B576-FF0044AFEDF9}.Release|Any CPU.ActiveCfg = Release|Any CPU
		{CE61098B-C88E-4C82-B576-FF0044AFEDF9}.Release|Any CPU.Build.0 = Release|Any CPU
	EndGlobalSection
	GlobalSection(SolutionProperties) = preSolution
		HideSolutionNode = FALSE
	EndGlobalSection
	GlobalSection(ExtensibilityGlobals) = postSolution
		SolutionGuid = {4FC7D073-2D2F-4723-B4B5-2113E13D5529}
	EndGlobalSection
EndGlobal
