
Microsoft Visual Studio Solution File, Format Version 12.00
# Visual Studio Version 17
VisualStudioVersion = 17.5.002.0
MinimumVisualStudioVersion = 10.0.40219.1
Project("{9A19103F-16F7-4668-BE54-9A1E7A4F7556}") = "Exsample_2 Hello user", "Exsample_2 Hello user\Exsample_2 Hello user.csproj", "{47E7F7C0-BC6A-409B-9B30-F50A887AC8BD}"
EndProject
Project("{9A19103F-16F7-4668-BE54-9A1E7A4F7556}") = "Exsample_3 Sum", "Exsample_3 Sum\Exsample_3 Sum.csproj", "{9318AC7D-436A-429A-8877-D60EFB159981}"
EndProject
Project("{9A19103F-16F7-4668-BE54-9A1E7A4F7556}") = "Exsample_4 Div", "Exsample_4 Div\Exsample_4 Div.csproj", "{F11AA8B0-57A3-4736-A570-EC2CCCE48AFD}"
EndProject
Project("{9A19103F-16F7-4668-BE54-9A1E7A4F7556}") = "Exsample_5 Rand", "Exsample_5 Rand\Exsample_5 Rand.csproj", "{2C850F74-18F8-45A2-BD8A-EE880968DE93}"
EndProject
Project("{9A19103F-16F7-4668-BE54-9A1E7A4F7556}") = "Exsample_6 IfElse", "Exsample_6 IfElse\Exsample_6 IfElse.csproj", "{461B1C00-88B4-4282-A7C2-EB44C7EA6833}"
EndProject
Project("{2150E333-8FDC-42A3-9474-1A3956D46DE8}") = "HomeWork_2", "HomeWork_2", "{02E2F687-401F-42A3-AE73-E7FD56AC8075}"
EndProject
Project("{9A19103F-16F7-4668-BE54-9A1E7A4F7556}") = "Exercise_1", "HomeWork_2\Exercise_1\Exercise_1.csproj", "{BE74DDE7-CA69-4B41-A770-3FDCAB41646F}"
EndProject
Project("{9A19103F-16F7-4668-BE54-9A1E7A4F7556}") = "Exercise_2", "HomeWork_2\Exercise_2\Exercise_2.csproj", "{6DDB241B-5197-434B-830E-426503BBF286}"
EndProject
Project("{9A19103F-16F7-4668-BE54-9A1E7A4F7556}") = "Exercise_3", "HomeWork_2\Exercise_3\Exercise_3.csproj", "{CE8F4D54-1C1B-45E7-AE47-96AAA1FAD422}"
EndProject
Project("{9A19103F-16F7-4668-BE54-9A1E7A4F7556}") = "Exercise_4", "HomeWork_2\Exercise_4\Exercise_4.csproj", "{368C9883-EF54-4DBE-BBC9-6181B081534D}"
EndProject
Project("{2150E333-8FDC-42A3-9474-1A3956D46DE8}") = "Homework_3", "Homework_3", "{35919FFF-B042-460D-A8D0-0636896E1BCD}"
EndProject
Project("{9A19103F-16F7-4668-BE54-9A1E7A4F7556}") = "Exer_1", "Homework_3\Exer_1\Exer_1.csproj", "{9515BAFA-4B94-4691-AC49-6D4D3B917E7C}"
EndProject
Project("{9A19103F-16F7-4668-BE54-9A1E7A4F7556}") = "Exer_2", "Homework_3\Exer_2\Exer_2.csproj", "{EFC70E10-5A85-40C6-95C8-17400C796FC2}"
EndProject
Project("{9A19103F-16F7-4668-BE54-9A1E7A4F7556}") = "Exer_3", "Homework_3\Exer_3\Exer_3.csproj", "{AEB48036-EEE2-4B69-90C6-49D9B02BD033}"
EndProject
Project("{2150E333-8FDC-42A3-9474-1A3956D46DE8}") = "Homework_4", "Homework_4", "{44F0ED8A-C3E3-43FF-A80A-F265777205D7}"
EndProject
Project("{9A19103F-16F7-4668-BE54-9A1E7A4F7556}") = "Exer_4_1", "Homework_4\Exer_4_1\Exer_4_1.csproj", "{592A8B2E-E72B-46C1-9BB9-3526E08D3183}"
EndProject
Project("{9A19103F-16F7-4668-BE54-9A1E7A4F7556}") = "Exer_4_2", "Homework_4\Exer_4_2\Exer_4_2.csproj", "{E76D008C-88C3-456F-84F7-E8084B77E39A}"
EndProject
Project("{9A19103F-16F7-4668-BE54-9A1E7A4F7556}") = "Exer_4_3", "Homework_4\Exer_4_3\Exer_4_3.csproj", "{C9A1FE53-E94A-4A8C-8284-37535BEE7621}"
EndProject
Project("{2150E333-8FDC-42A3-9474-1A3956D46DE8}") = "Homework_5", "Homework_5", "{C671F76F-AF0A-4EBB-A545-6E50332715AD}"
EndProject
Project("{9A19103F-16F7-4668-BE54-9A1E7A4F7556}") = "Exer_5_1", "Homework_5\Exer_5_1\Exer_5_1.csproj", "{83997F2D-AC52-4FD1-AF8D-309055AADAC0}"
EndProject
Project("{9A19103F-16F7-4668-BE54-9A1E7A4F7556}") = "Exer_5_2", "Homework_5\Exer_5_2\Exer_5_2.csproj", "{C4B132CF-3AB6-4622-92D8-45124FA9ADFE}"
EndProject
Project("{9A19103F-16F7-4668-BE54-9A1E7A4F7556}") = "Exer_5_3", "Homework_5\Exer_5_3\Exer_5_3.csproj", "{9908471C-951A-4D0B-99EF-EE81533AE2C8}"
EndProject
Project("{2150E333-8FDC-42A3-9474-1A3956D46DE8}") = "Homework_6", "Homework_6", "{ADCB5646-8EEB-4003-BE20-729292728277}"
EndProject
Project("{9A19103F-16F7-4668-BE54-9A1E7A4F7556}") = "Exer_6_1", "Homework_6\Exer_6_1\Exer_6_1.csproj", "{1C147845-2DE7-4129-9555-87FECE6E3EB6}"
EndProject
Project("{9A19103F-16F7-4668-BE54-9A1E7A4F7556}") = "Exer_6_2", "Homework_6\Exer_6_2\Exer_6_2.csproj", "{3E5C82A1-43A3-49C4-8C27-478B40E8ACB4}"
EndProject
Project("{9A19103F-16F7-4668-BE54-9A1E7A4F7556}") = "Exer_6_3", "Homework_6\Exer_6_3\Exer_6_3.csproj", "{C5BE8860-A2AA-463D-A9B3-3915964BAC1F}"
EndProject
Global
	GlobalSection(SolutionConfigurationPlatforms) = preSolution
		Debug|Any CPU = Debug|Any CPU
		Release|Any CPU = Release|Any CPU
	EndGlobalSection
	GlobalSection(ProjectConfigurationPlatforms) = postSolution
		{47E7F7C0-BC6A-409B-9B30-F50A887AC8BD}.Debug|Any CPU.ActiveCfg = Debug|Any CPU
		{47E7F7C0-BC6A-409B-9B30-F50A887AC8BD}.Debug|Any CPU.Build.0 = Debug|Any CPU
		{47E7F7C0-BC6A-409B-9B30-F50A887AC8BD}.Release|Any CPU.ActiveCfg = Release|Any CPU
		{47E7F7C0-BC6A-409B-9B30-F50A887AC8BD}.Release|Any CPU.Build.0 = Release|Any CPU
		{9318AC7D-436A-429A-8877-D60EFB159981}.Debug|Any CPU.ActiveCfg = Debug|Any CPU
		{9318AC7D-436A-429A-8877-D60EFB159981}.Debug|Any CPU.Build.0 = Debug|Any CPU
		{9318AC7D-436A-429A-8877-D60EFB159981}.Release|Any CPU.ActiveCfg = Release|Any CPU
		{9318AC7D-436A-429A-8877-D60EFB159981}.Release|Any CPU.Build.0 = Release|Any CPU
		{F11AA8B0-57A3-4736-A570-EC2CCCE48AFD}.Debug|Any CPU.ActiveCfg = Debug|Any CPU
		{F11AA8B0-57A3-4736-A570-EC2CCCE48AFD}.Debug|Any CPU.Build.0 = Debug|Any CPU
		{F11AA8B0-57A3-4736-A570-EC2CCCE48AFD}.Release|Any CPU.ActiveCfg = Release|Any CPU
		{F11AA8B0-57A3-4736-A570-EC2CCCE48AFD}.Release|Any CPU.Build.0 = Release|Any CPU
		{2C850F74-18F8-45A2-BD8A-EE880968DE93}.Debug|Any CPU.ActiveCfg = Debug|Any CPU
		{2C850F74-18F8-45A2-BD8A-EE880968DE93}.Debug|Any CPU.Build.0 = Debug|Any CPU
		{2C850F74-18F8-45A2-BD8A-EE880968DE93}.Release|Any CPU.ActiveCfg = Release|Any CPU
		{2C850F74-18F8-45A2-BD8A-EE880968DE93}.Release|Any CPU.Build.0 = Release|Any CPU
		{461B1C00-88B4-4282-A7C2-EB44C7EA6833}.Debug|Any CPU.ActiveCfg = Debug|Any CPU
		{461B1C00-88B4-4282-A7C2-EB44C7EA6833}.Debug|Any CPU.Build.0 = Debug|Any CPU
		{461B1C00-88B4-4282-A7C2-EB44C7EA6833}.Release|Any CPU.ActiveCfg = Release|Any CPU
		{461B1C00-88B4-4282-A7C2-EB44C7EA6833}.Release|Any CPU.Build.0 = Release|Any CPU
		{BE74DDE7-CA69-4B41-A770-3FDCAB41646F}.Debug|Any CPU.ActiveCfg = Debug|Any CPU
		{BE74DDE7-CA69-4B41-A770-3FDCAB41646F}.Debug|Any CPU.Build.0 = Debug|Any CPU
		{BE74DDE7-CA69-4B41-A770-3FDCAB41646F}.Release|Any CPU.ActiveCfg = Release|Any CPU
		{BE74DDE7-CA69-4B41-A770-3FDCAB41646F}.Release|Any CPU.Build.0 = Release|Any CPU
		{6DDB241B-5197-434B-830E-426503BBF286}.Debug|Any CPU.ActiveCfg = Debug|Any CPU
		{6DDB241B-5197-434B-830E-426503BBF286}.Debug|Any CPU.Build.0 = Debug|Any CPU
		{6DDB241B-5197-434B-830E-426503BBF286}.Release|Any CPU.ActiveCfg = Release|Any CPU
		{6DDB241B-5197-434B-830E-426503BBF286}.Release|Any CPU.Build.0 = Release|Any CPU
		{CE8F4D54-1C1B-45E7-AE47-96AAA1FAD422}.Debug|Any CPU.ActiveCfg = Debug|Any CPU
		{CE8F4D54-1C1B-45E7-AE47-96AAA1FAD422}.Debug|Any CPU.Build.0 = Debug|Any CPU
		{CE8F4D54-1C1B-45E7-AE47-96AAA1FAD422}.Release|Any CPU.ActiveCfg = Release|Any CPU
		{CE8F4D54-1C1B-45E7-AE47-96AAA1FAD422}.Release|Any CPU.Build.0 = Release|Any CPU
		{368C9883-EF54-4DBE-BBC9-6181B081534D}.Debug|Any CPU.ActiveCfg = Debug|Any CPU
		{368C9883-EF54-4DBE-BBC9-6181B081534D}.Debug|Any CPU.Build.0 = Debug|Any CPU
		{368C9883-EF54-4DBE-BBC9-6181B081534D}.Release|Any CPU.ActiveCfg = Release|Any CPU
		{368C9883-EF54-4DBE-BBC9-6181B081534D}.Release|Any CPU.Build.0 = Release|Any CPU
		{9515BAFA-4B94-4691-AC49-6D4D3B917E7C}.Debug|Any CPU.ActiveCfg = Debug|Any CPU
		{9515BAFA-4B94-4691-AC49-6D4D3B917E7C}.Debug|Any CPU.Build.0 = Debug|Any CPU
		{9515BAFA-4B94-4691-AC49-6D4D3B917E7C}.Release|Any CPU.ActiveCfg = Release|Any CPU
		{9515BAFA-4B94-4691-AC49-6D4D3B917E7C}.Release|Any CPU.Build.0 = Release|Any CPU
		{EFC70E10-5A85-40C6-95C8-17400C796FC2}.Debug|Any CPU.ActiveCfg = Debug|Any CPU
		{EFC70E10-5A85-40C6-95C8-17400C796FC2}.Debug|Any CPU.Build.0 = Debug|Any CPU
		{EFC70E10-5A85-40C6-95C8-17400C796FC2}.Release|Any CPU.ActiveCfg = Release|Any CPU
		{EFC70E10-5A85-40C6-95C8-17400C796FC2}.Release|Any CPU.Build.0 = Release|Any CPU
		{AEB48036-EEE2-4B69-90C6-49D9B02BD033}.Debug|Any CPU.ActiveCfg = Debug|Any CPU
		{AEB48036-EEE2-4B69-90C6-49D9B02BD033}.Debug|Any CPU.Build.0 = Debug|Any CPU
		{AEB48036-EEE2-4B69-90C6-49D9B02BD033}.Release|Any CPU.ActiveCfg = Release|Any CPU
		{AEB48036-EEE2-4B69-90C6-49D9B02BD033}.Release|Any CPU.Build.0 = Release|Any CPU
		{592A8B2E-E72B-46C1-9BB9-3526E08D3183}.Debug|Any CPU.ActiveCfg = Debug|Any CPU
		{592A8B2E-E72B-46C1-9BB9-3526E08D3183}.Debug|Any CPU.Build.0 = Debug|Any CPU
		{592A8B2E-E72B-46C1-9BB9-3526E08D3183}.Release|Any CPU.ActiveCfg = Release|Any CPU
		{592A8B2E-E72B-46C1-9BB9-3526E08D3183}.Release|Any CPU.Build.0 = Release|Any CPU
		{E76D008C-88C3-456F-84F7-E8084B77E39A}.Debug|Any CPU.ActiveCfg = Debug|Any CPU
		{E76D008C-88C3-456F-84F7-E8084B77E39A}.Debug|Any CPU.Build.0 = Debug|Any CPU
		{E76D008C-88C3-456F-84F7-E8084B77E39A}.Release|Any CPU.ActiveCfg = Release|Any CPU
		{E76D008C-88C3-456F-84F7-E8084B77E39A}.Release|Any CPU.Build.0 = Release|Any CPU
		{C9A1FE53-E94A-4A8C-8284-37535BEE7621}.Debug|Any CPU.ActiveCfg = Debug|Any CPU
		{C9A1FE53-E94A-4A8C-8284-37535BEE7621}.Debug|Any CPU.Build.0 = Debug|Any CPU
		{C9A1FE53-E94A-4A8C-8284-37535BEE7621}.Release|Any CPU.ActiveCfg = Release|Any CPU
		{C9A1FE53-E94A-4A8C-8284-37535BEE7621}.Release|Any CPU.Build.0 = Release|Any CPU
		{83997F2D-AC52-4FD1-AF8D-309055AADAC0}.Debug|Any CPU.ActiveCfg = Debug|Any CPU
		{83997F2D-AC52-4FD1-AF8D-309055AADAC0}.Debug|Any CPU.Build.0 = Debug|Any CPU
		{83997F2D-AC52-4FD1-AF8D-309055AADAC0}.Release|Any CPU.ActiveCfg = Release|Any CPU
		{83997F2D-AC52-4FD1-AF8D-309055AADAC0}.Release|Any CPU.Build.0 = Release|Any CPU
		{C4B132CF-3AB6-4622-92D8-45124FA9ADFE}.Debug|Any CPU.ActiveCfg = Debug|Any CPU
		{C4B132CF-3AB6-4622-92D8-45124FA9ADFE}.Debug|Any CPU.Build.0 = Debug|Any CPU
		{C4B132CF-3AB6-4622-92D8-45124FA9ADFE}.Release|Any CPU.ActiveCfg = Release|Any CPU
		{C4B132CF-3AB6-4622-92D8-45124FA9ADFE}.Release|Any CPU.Build.0 = Release|Any CPU
		{9908471C-951A-4D0B-99EF-EE81533AE2C8}.Debug|Any CPU.ActiveCfg = Debug|Any CPU
		{9908471C-951A-4D0B-99EF-EE81533AE2C8}.Debug|Any CPU.Build.0 = Debug|Any CPU
		{9908471C-951A-4D0B-99EF-EE81533AE2C8}.Release|Any CPU.ActiveCfg = Release|Any CPU
		{9908471C-951A-4D0B-99EF-EE81533AE2C8}.Release|Any CPU.Build.0 = Release|Any CPU
		{1C147845-2DE7-4129-9555-87FECE6E3EB6}.Debug|Any CPU.ActiveCfg = Debug|Any CPU
		{1C147845-2DE7-4129-9555-87FECE6E3EB6}.Debug|Any CPU.Build.0 = Debug|Any CPU
		{1C147845-2DE7-4129-9555-87FECE6E3EB6}.Release|Any CPU.ActiveCfg = Release|Any CPU
		{1C147845-2DE7-4129-9555-87FECE6E3EB6}.Release|Any CPU.Build.0 = Release|Any CPU
		{3E5C82A1-43A3-49C4-8C27-478B40E8ACB4}.Debug|Any CPU.ActiveCfg = Debug|Any CPU
		{3E5C82A1-43A3-49C4-8C27-478B40E8ACB4}.Debug|Any CPU.Build.0 = Debug|Any CPU
		{3E5C82A1-43A3-49C4-8C27-478B40E8ACB4}.Release|Any CPU.ActiveCfg = Release|Any CPU
		{3E5C82A1-43A3-49C4-8C27-478B40E8ACB4}.Release|Any CPU.Build.0 = Release|Any CPU
		{C5BE8860-A2AA-463D-A9B3-3915964BAC1F}.Debug|Any CPU.ActiveCfg = Debug|Any CPU
		{C5BE8860-A2AA-463D-A9B3-3915964BAC1F}.Debug|Any CPU.Build.0 = Debug|Any CPU
		{C5BE8860-A2AA-463D-A9B3-3915964BAC1F}.Release|Any CPU.ActiveCfg = Release|Any CPU
		{C5BE8860-A2AA-463D-A9B3-3915964BAC1F}.Release|Any CPU.Build.0 = Release|Any CPU
	EndGlobalSection
	GlobalSection(SolutionProperties) = preSolution
		HideSolutionNode = FALSE
	EndGlobalSection
	GlobalSection(NestedProjects) = preSolution
		{BE74DDE7-CA69-4B41-A770-3FDCAB41646F} = {02E2F687-401F-42A3-AE73-E7FD56AC8075}
		{6DDB241B-5197-434B-830E-426503BBF286} = {02E2F687-401F-42A3-AE73-E7FD56AC8075}
		{CE8F4D54-1C1B-45E7-AE47-96AAA1FAD422} = {02E2F687-401F-42A3-AE73-E7FD56AC8075}
		{368C9883-EF54-4DBE-BBC9-6181B081534D} = {02E2F687-401F-42A3-AE73-E7FD56AC8075}
		{9515BAFA-4B94-4691-AC49-6D4D3B917E7C} = {35919FFF-B042-460D-A8D0-0636896E1BCD}
		{EFC70E10-5A85-40C6-95C8-17400C796FC2} = {35919FFF-B042-460D-A8D0-0636896E1BCD}
		{AEB48036-EEE2-4B69-90C6-49D9B02BD033} = {35919FFF-B042-460D-A8D0-0636896E1BCD}
		{592A8B2E-E72B-46C1-9BB9-3526E08D3183} = {44F0ED8A-C3E3-43FF-A80A-F265777205D7}
		{E76D008C-88C3-456F-84F7-E8084B77E39A} = {44F0ED8A-C3E3-43FF-A80A-F265777205D7}
		{C9A1FE53-E94A-4A8C-8284-37535BEE7621} = {44F0ED8A-C3E3-43FF-A80A-F265777205D7}
		{83997F2D-AC52-4FD1-AF8D-309055AADAC0} = {C671F76F-AF0A-4EBB-A545-6E50332715AD}
		{C4B132CF-3AB6-4622-92D8-45124FA9ADFE} = {C671F76F-AF0A-4EBB-A545-6E50332715AD}
		{9908471C-951A-4D0B-99EF-EE81533AE2C8} = {C671F76F-AF0A-4EBB-A545-6E50332715AD}
		{1C147845-2DE7-4129-9555-87FECE6E3EB6} = {ADCB5646-8EEB-4003-BE20-729292728277}
		{3E5C82A1-43A3-49C4-8C27-478B40E8ACB4} = {ADCB5646-8EEB-4003-BE20-729292728277}
		{C5BE8860-A2AA-463D-A9B3-3915964BAC1F} = {ADCB5646-8EEB-4003-BE20-729292728277}
	EndGlobalSection
	GlobalSection(ExtensibilityGlobals) = postSolution
		SolutionGuid = {BDD5D22A-C9E4-49EC-988B-A34001E1F61B}
	EndGlobalSection
EndGlobal
